// !$*UTF8*$!
{
	archiveVersion = 1;
	classes = {
	};
	objectVersion = 56;
	objects = {

/* Begin PBXBuildFile section */
		D5614CAB2B9D1BEE002D9EDE /* texgyretermes-regular.otf in Resources */ = {isa = PBXBuildFile; fileRef = D5614CAA2B9D1BEE002D9EDE /* texgyretermes-regular.otf */; };
		D57033DC2B9BDEA500C9D836 /* TriviaWikiApp.swift in Sources */ = {isa = PBXBuildFile; fileRef = D57033DB2B9BDEA500C9D836 /* TriviaWikiApp.swift */; };
		D57033DE2B9BDEA500C9D836 /* ContentView.swift in Sources */ = {isa = PBXBuildFile; fileRef = D57033DD2B9BDEA500C9D836 /* ContentView.swift */; };
		D57033E02B9BDEA700C9D836 /* Assets.xcassets in Resources */ = {isa = PBXBuildFile; fileRef = D57033DF2B9BDEA700C9D836 /* Assets.xcassets */; };
		D57033E32B9BDEA700C9D836 /* Preview Assets.xcassets in Resources */ = {isa = PBXBuildFile; fileRef = D57033E22B9BDEA700C9D836 /* Preview Assets.xcassets */; };
		D57033ED2B9BDEA700C9D836 /* TriviaWikiTests.swift in Sources */ = {isa = PBXBuildFile; fileRef = D57033EC2B9BDEA700C9D836 /* TriviaWikiTests.swift */; };
		D57033F72B9BDEA700C9D836 /* TriviaWikiUITests.swift in Sources */ = {isa = PBXBuildFile; fileRef = D57033F62B9BDEA700C9D836 /* TriviaWikiUITests.swift */; };
		D57033F92B9BDEA700C9D836 /* TriviaWikiUITestsLaunchTests.swift in Sources */ = {isa = PBXBuildFile; fileRef = D57033F82B9BDEA700C9D836 /* TriviaWikiUITestsLaunchTests.swift */; };
		D570340C2B9BF2DC00C9D836 /* AnswerOptionView.swift in Sources */ = {isa = PBXBuildFile; fileRef = D570340B2B9BF2DC00C9D836 /* AnswerOptionView.swift */; };
		D59920D82C070C0E00572D12 /* AreYouSureView.swift in Sources */ = {isa = PBXBuildFile; fileRef = D59920D72C070C0E00572D12 /* AreYouSureView.swift */; };
		D59920DE2C08FEFB00572D12 /* JSONHandler.swift in Sources */ = {isa = PBXBuildFile; fileRef = D59920DD2C08FEFB00572D12 /* JSONHandler.swift */; };
		D59920E02C0903AB00572D12 /* DataManager.swift in Sources */ = {isa = PBXBuildFile; fileRef = D59920DF2C0903AB00572D12 /* DataManager.swift */; };
		D59AB6CC2C94059600765F98 /* BrowsePage.swift in Sources */ = {isa = PBXBuildFile; fileRef = D59AB6CB2C94059600765F98 /* BrowsePage.swift */; };
		D59BA1FD2C85586A00B010D0 /* seen.json in Resources */ = {isa = PBXBuildFile; fileRef = D59BA1FC2C85586A00B010D0 /* seen.json */; };
		D5A7C9B52C0559B0000A2C52 /* QuestionBottomMenuView.swift in Sources */ = {isa = PBXBuildFile; fileRef = D5A7C9B42C0559B0000A2C52 /* QuestionBottomMenuView.swift */; };
		D5A7C9B72C0593F2000A2C52 /* WikiArticleThumbnailView.swift in Sources */ = {isa = PBXBuildFile; fileRef = D5A7C9B62C0593F1000A2C52 /* WikiArticleThumbnailView.swift */; };
		D5A7C9B92C059810000A2C52 /* WikipediaFrame.png in Resources */ = {isa = PBXBuildFile; fileRef = D5A7C9B82C059810000A2C52 /* WikipediaFrame.png */; };
		D5A7C9BD2C070290000A2C52 /* InertQuestionView.swift in Sources */ = {isa = PBXBuildFile; fileRef = D5A7C9BC2C070290000A2C52 /* InertQuestionView.swift */; };
		D5ACFDC52BBBC7FD0055C8D3 /* GoogleService-Info.plist in Resources */ = {isa = PBXBuildFile; fileRef = D5ACFDC42BBBC7FD0055C8D3 /* GoogleService-Info.plist */; };
		D5ACFDC92BBBC9E40055C8D3 /* FirebaseAnalytics in Frameworks */ = {isa = PBXBuildFile; productRef = D5ACFDC82BBBC9E40055C8D3 /* FirebaseAnalytics */; };
		D5ACFDCB2BBBC9E40055C8D3 /* FirebaseAnalyticsOnDeviceConversion in Frameworks */ = {isa = PBXBuildFile; productRef = D5ACFDCA2BBBC9E40055C8D3 /* FirebaseAnalyticsOnDeviceConversion */; };
		D5ACFDCD2BBBC9E40055C8D3 /* FirebaseAnalyticsSwift in Frameworks */ = {isa = PBXBuildFile; productRef = D5ACFDCC2BBBC9E40055C8D3 /* FirebaseAnalyticsSwift */; };
		D5ACFDCF2BBBC9E40055C8D3 /* FirebaseAnalyticsWithoutAdIdSupport in Frameworks */ = {isa = PBXBuildFile; productRef = D5ACFDCE2BBBC9E40055C8D3 /* FirebaseAnalyticsWithoutAdIdSupport */; };
		D5ACFDD12BBBC9E40055C8D3 /* FirebaseAppCheck in Frameworks */ = {isa = PBXBuildFile; productRef = D5ACFDD02BBBC9E40055C8D3 /* FirebaseAppCheck */; };
		D5ACFDD32BBBC9E40055C8D3 /* FirebaseAppDistribution-Beta in Frameworks */ = {isa = PBXBuildFile; productRef = D5ACFDD22BBBC9E40055C8D3 /* FirebaseAppDistribution-Beta */; };
		D5ACFDD52BBBC9E40055C8D3 /* FirebaseAuth in Frameworks */ = {isa = PBXBuildFile; productRef = D5ACFDD42BBBC9E40055C8D3 /* FirebaseAuth */; };
		D5ACFDD72BBBC9E40055C8D3 /* FirebaseAuthCombine-Community in Frameworks */ = {isa = PBXBuildFile; productRef = D5ACFDD62BBBC9E40055C8D3 /* FirebaseAuthCombine-Community */; };
		D5ACFDD92BBBC9E40055C8D3 /* FirebaseCrashlytics in Frameworks */ = {isa = PBXBuildFile; productRef = D5ACFDD82BBBC9E40055C8D3 /* FirebaseCrashlytics */; };
		D5ACFDDB2BBBC9E40055C8D3 /* FirebaseDatabase in Frameworks */ = {isa = PBXBuildFile; productRef = D5ACFDDA2BBBC9E40055C8D3 /* FirebaseDatabase */; };
		D5ACFDDD2BBBC9E40055C8D3 /* FirebaseDatabaseSwift in Frameworks */ = {isa = PBXBuildFile; productRef = D5ACFDDC2BBBC9E40055C8D3 /* FirebaseDatabaseSwift */; };
		D5ACFDDF2BBBC9E40055C8D3 /* FirebaseDynamicLinks in Frameworks */ = {isa = PBXBuildFile; productRef = D5ACFDDE2BBBC9E40055C8D3 /* FirebaseDynamicLinks */; };
		D5ACFDE12BBBC9E40055C8D3 /* FirebaseFirestore in Frameworks */ = {isa = PBXBuildFile; productRef = D5ACFDE02BBBC9E40055C8D3 /* FirebaseFirestore */; };
		D5ACFDE32BBBC9E40055C8D3 /* FirebaseFirestoreCombine-Community in Frameworks */ = {isa = PBXBuildFile; productRef = D5ACFDE22BBBC9E40055C8D3 /* FirebaseFirestoreCombine-Community */; };
		D5ACFDE52BBBC9E40055C8D3 /* FirebaseFirestoreSwift in Frameworks */ = {isa = PBXBuildFile; productRef = D5ACFDE42BBBC9E40055C8D3 /* FirebaseFirestoreSwift */; };
		D5ACFDE72BBBC9E40055C8D3 /* FirebaseFunctions in Frameworks */ = {isa = PBXBuildFile; productRef = D5ACFDE62BBBC9E40055C8D3 /* FirebaseFunctions */; };
		D5ACFDE92BBBC9E40055C8D3 /* FirebaseFunctionsCombine-Community in Frameworks */ = {isa = PBXBuildFile; productRef = D5ACFDE82BBBC9E40055C8D3 /* FirebaseFunctionsCombine-Community */; };
		D5ACFDEB2BBBC9E40055C8D3 /* FirebaseInAppMessaging-Beta in Frameworks */ = {isa = PBXBuildFile; productRef = D5ACFDEA2BBBC9E40055C8D3 /* FirebaseInAppMessaging-Beta */; };
		D5ACFDED2BBBC9E40055C8D3 /* FirebasePerformance in Frameworks */ = {isa = PBXBuildFile; productRef = D5ACFDEC2BBBC9E40055C8D3 /* FirebasePerformance */; };
		D5ACFDEF2BBBC9E40055C8D3 /* FirebaseRemoteConfig in Frameworks */ = {isa = PBXBuildFile; productRef = D5ACFDEE2BBBC9E40055C8D3 /* FirebaseRemoteConfig */; };
		D5ACFDF12BBBC9E40055C8D3 /* FirebaseRemoteConfigSwift in Frameworks */ = {isa = PBXBuildFile; productRef = D5ACFDF02BBBC9E40055C8D3 /* FirebaseRemoteConfigSwift */; };
		D5ACFDF32BBBC9E40055C8D3 /* FirebaseStorage in Frameworks */ = {isa = PBXBuildFile; productRef = D5ACFDF22BBBC9E40055C8D3 /* FirebaseStorage */; };
		D5ACFDF52BBBC9E40055C8D3 /* FirebaseStorageCombine-Community in Frameworks */ = {isa = PBXBuildFile; productRef = D5ACFDF42BBBC9E40055C8D3 /* FirebaseStorageCombine-Community */; };
		D5BD8D5A2BBC999E00D83117 /* QuestionModel.swift in Sources */ = {isa = PBXBuildFile; fileRef = D5BD8D572BBC999E00D83117 /* QuestionModel.swift */; };
		D5BD8D5C2BBC999E00D83117 /* WebBrowser.swift in Sources */ = {isa = PBXBuildFile; fileRef = D5BD8D592BBC999E00D83117 /* WebBrowser.swift */; };
		D5BD8D602BBC9B9D00D83117 /* QueryHandler.swift in Sources */ = {isa = PBXBuildFile; fileRef = D5BD8D5F2BBC9B9D00D83117 /* QueryHandler.swift */; };
		D5CA9ED62BC34B7D006EE2D3 /* qRec.swift in Sources */ = {isa = PBXBuildFile; fileRef = D5CA9ED52BC34B7D006EE2D3 /* qRec.swift */; };
		D5E044AC2BDED2F800A49CE0 /* Popovers in Frameworks */ = {isa = PBXBuildFile; productRef = D5E044AB2BDED2F800A49CE0 /* Popovers */; };
		D5E044AE2BDEDC4000A49CE0 /* ReportMenu.swift in Sources */ = {isa = PBXBuildFile; fileRef = D5E044AD2BDEDC4000A49CE0 /* ReportMenu.swift */; };
		D5E3EBEE2C843DE800FBD029 /* dump0.json in Resources */ = {isa = PBXBuildFile; fileRef = D5E3EBED2C843DE800FBD029 /* dump0.json */; };
		D5E3EBF02C84E64600FBD029 /* currRatings.json in Resources */ = {isa = PBXBuildFile; fileRef = D5E3EBEF2C84E64600FBD029 /* currRatings.json */; };
/* End PBXBuildFile section */

/* Begin PBXContainerItemProxy section */
		D57033E92B9BDEA700C9D836 /* PBXContainerItemProxy */ = {
			isa = PBXContainerItemProxy;
			containerPortal = D57033D02B9BDEA500C9D836 /* Project object */;
			proxyType = 1;
			remoteGlobalIDString = D57033D72B9BDEA500C9D836;
			remoteInfo = TriviaWiki;
		};
		D57033F32B9BDEA700C9D836 /* PBXContainerItemProxy */ = {
			isa = PBXContainerItemProxy;
			containerPortal = D57033D02B9BDEA500C9D836 /* Project object */;
			proxyType = 1;
			remoteGlobalIDString = D57033D72B9BDEA500C9D836;
			remoteInfo = TriviaWiki;
		};
/* End PBXContainerItemProxy section */

/* Begin PBXFileReference section */
		D5614CAA2B9D1BEE002D9EDE /* texgyretermes-regular.otf */ = {isa = PBXFileReference; lastKnownFileType = file; path = "texgyretermes-regular.otf"; sourceTree = "<group>"; };
		D5614CAC2B9D1C05002D9EDE /* Info.plist */ = {isa = PBXFileReference; lastKnownFileType = text.plist.xml; path = Info.plist; sourceTree = "<group>"; };
		D57033D82B9BDEA500C9D836 /* TriviaWiki.app */ = {isa = PBXFileReference; explicitFileType = wrapper.application; includeInIndex = 0; path = TriviaWiki.app; sourceTree = BUILT_PRODUCTS_DIR; };
		D57033DB2B9BDEA500C9D836 /* TriviaWikiApp.swift */ = {isa = PBXFileReference; lastKnownFileType = sourcecode.swift; path = TriviaWikiApp.swift; sourceTree = "<group>"; };
		D57033DD2B9BDEA500C9D836 /* ContentView.swift */ = {isa = PBXFileReference; lastKnownFileType = sourcecode.swift; path = ContentView.swift; sourceTree = "<group>"; };
		D57033DF2B9BDEA700C9D836 /* Assets.xcassets */ = {isa = PBXFileReference; lastKnownFileType = folder.assetcatalog; path = Assets.xcassets; sourceTree = "<group>"; };
		D57033E22B9BDEA700C9D836 /* Preview Assets.xcassets */ = {isa = PBXFileReference; lastKnownFileType = folder.assetcatalog; path = "Preview Assets.xcassets"; sourceTree = "<group>"; };
		D57033E82B9BDEA700C9D836 /* TriviaWikiTests.xctest */ = {isa = PBXFileReference; explicitFileType = wrapper.cfbundle; includeInIndex = 0; path = TriviaWikiTests.xctest; sourceTree = BUILT_PRODUCTS_DIR; };
		D57033EC2B9BDEA700C9D836 /* TriviaWikiTests.swift */ = {isa = PBXFileReference; lastKnownFileType = sourcecode.swift; path = TriviaWikiTests.swift; sourceTree = "<group>"; };
		D57033F22B9BDEA700C9D836 /* TriviaWikiUITests.xctest */ = {isa = PBXFileReference; explicitFileType = wrapper.cfbundle; includeInIndex = 0; path = TriviaWikiUITests.xctest; sourceTree = BUILT_PRODUCTS_DIR; };
		D57033F62B9BDEA700C9D836 /* TriviaWikiUITests.swift */ = {isa = PBXFileReference; lastKnownFileType = sourcecode.swift; path = TriviaWikiUITests.swift; sourceTree = "<group>"; };
		D57033F82B9BDEA700C9D836 /* TriviaWikiUITestsLaunchTests.swift */ = {isa = PBXFileReference; lastKnownFileType = sourcecode.swift; path = TriviaWikiUITestsLaunchTests.swift; sourceTree = "<group>"; };
		D570340B2B9BF2DC00C9D836 /* AnswerOptionView.swift */ = {isa = PBXFileReference; lastKnownFileType = sourcecode.swift; path = AnswerOptionView.swift; sourceTree = "<group>"; };
		D59920D72C070C0E00572D12 /* AreYouSureView.swift */ = {isa = PBXFileReference; lastKnownFileType = sourcecode.swift; path = AreYouSureView.swift; sourceTree = "<group>"; };
		D59920DD2C08FEFB00572D12 /* JSONHandler.swift */ = {isa = PBXFileReference; lastKnownFileType = sourcecode.swift; path = JSONHandler.swift; sourceTree = "<group>"; };
		D59920DF2C0903AB00572D12 /* DataManager.swift */ = {isa = PBXFileReference; lastKnownFileType = sourcecode.swift; path = DataManager.swift; sourceTree = "<group>"; };
		D59AB6CB2C94059600765F98 /* BrowsePage.swift */ = {isa = PBXFileReference; lastKnownFileType = sourcecode.swift; path = BrowsePage.swift; sourceTree = "<group>"; };
		D59BA1FC2C85586A00B010D0 /* seen.json */ = {isa = PBXFileReference; fileEncoding = 4; lastKnownFileType = text.json; path = seen.json; sourceTree = "<group>"; };
		D5A7C9B42C0559B0000A2C52 /* QuestionBottomMenuView.swift */ = {isa = PBXFileReference; lastKnownFileType = sourcecode.swift; path = QuestionBottomMenuView.swift; sourceTree = "<group>"; };
		D5A7C9B62C0593F1000A2C52 /* WikiArticleThumbnailView.swift */ = {isa = PBXFileReference; lastKnownFileType = sourcecode.swift; path = WikiArticleThumbnailView.swift; sourceTree = "<group>"; };
		D5A7C9B82C059810000A2C52 /* WikipediaFrame.png */ = {isa = PBXFileReference; lastKnownFileType = image.png; path = WikipediaFrame.png; sourceTree = "<group>"; };
		D5A7C9BC2C070290000A2C52 /* InertQuestionView.swift */ = {isa = PBXFileReference; lastKnownFileType = sourcecode.swift; path = InertQuestionView.swift; sourceTree = "<group>"; };
		D5ACFDC42BBBC7FD0055C8D3 /* GoogleService-Info.plist */ = {isa = PBXFileReference; fileEncoding = 4; lastKnownFileType = text.plist.xml; path = "GoogleService-Info.plist"; sourceTree = "<group>"; };
		D5BD8D572BBC999E00D83117 /* QuestionModel.swift */ = {isa = PBXFileReference; fileEncoding = 4; lastKnownFileType = sourcecode.swift; name = QuestionModel.swift; path = ../../QuestionModel.swift; sourceTree = "<group>"; };
		D5BD8D592BBC999E00D83117 /* WebBrowser.swift */ = {isa = PBXFileReference; fileEncoding = 4; lastKnownFileType = sourcecode.swift; path = WebBrowser.swift; sourceTree = "<group>"; };
		D5BD8D5F2BBC9B9D00D83117 /* QueryHandler.swift */ = {isa = PBXFileReference; lastKnownFileType = sourcecode.swift; path = QueryHandler.swift; sourceTree = "<group>"; };
		D5CA9ED52BC34B7D006EE2D3 /* qRec.swift */ = {isa = PBXFileReference; lastKnownFileType = sourcecode.swift; path = qRec.swift; sourceTree = "<group>"; };
		D5E044AD2BDEDC4000A49CE0 /* ReportMenu.swift */ = {isa = PBXFileReference; lastKnownFileType = sourcecode.swift; path = ReportMenu.swift; sourceTree = "<group>"; };
		D5E3EBED2C843DE800FBD029 /* dump0.json */ = {isa = PBXFileReference; fileEncoding = 4; lastKnownFileType = text.json; name = dump0.json; path = ../../dump0.json; sourceTree = "<group>"; };
		D5E3EBEF2C84E64600FBD029 /* currRatings.json */ = {isa = PBXFileReference; fileEncoding = 4; lastKnownFileType = text.json; path = currRatings.json; sourceTree = "<group>"; };
/* End PBXFileReference section */

/* Begin PBXFrameworksBuildPhase section */
		D57033D52B9BDEA500C9D836 /* Frameworks */ = {
			isa = PBXFrameworksBuildPhase;
			buildActionMask = 2147483647;
			files = (
				D5ACFDDB2BBBC9E40055C8D3 /* FirebaseDatabase in Frameworks */,
				D5ACFDE92BBBC9E40055C8D3 /* FirebaseFunctionsCombine-Community in Frameworks */,
				D5ACFDE12BBBC9E40055C8D3 /* FirebaseFirestore in Frameworks */,
				D5ACFDF52BBBC9E40055C8D3 /* FirebaseStorageCombine-Community in Frameworks */,
				D5ACFDF12BBBC9E40055C8D3 /* FirebaseRemoteConfigSwift in Frameworks */,
				D5ACFDCD2BBBC9E40055C8D3 /* FirebaseAnalyticsSwift in Frameworks */,
				D5E044AC2BDED2F800A49CE0 /* Popovers in Frameworks */,
				D5ACFDC92BBBC9E40055C8D3 /* FirebaseAnalytics in Frameworks */,
				D5ACFDCB2BBBC9E40055C8D3 /* FirebaseAnalyticsOnDeviceConversion in Frameworks */,
				D5ACFDE52BBBC9E40055C8D3 /* FirebaseFirestoreSwift in Frameworks */,
				D5ACFDD12BBBC9E40055C8D3 /* FirebaseAppCheck in Frameworks */,
				D5ACFDCF2BBBC9E40055C8D3 /* FirebaseAnalyticsWithoutAdIdSupport in Frameworks */,
				D5ACFDD52BBBC9E40055C8D3 /* FirebaseAuth in Frameworks */,
				D5ACFDD92BBBC9E40055C8D3 /* FirebaseCrashlytics in Frameworks */,
				D5ACFDEB2BBBC9E40055C8D3 /* FirebaseInAppMessaging-Beta in Frameworks */,
				D5ACFDDD2BBBC9E40055C8D3 /* FirebaseDatabaseSwift in Frameworks */,
				D5ACFDE72BBBC9E40055C8D3 /* FirebaseFunctions in Frameworks */,
				D5ACFDED2BBBC9E40055C8D3 /* FirebasePerformance in Frameworks */,
				D5ACFDD32BBBC9E40055C8D3 /* FirebaseAppDistribution-Beta in Frameworks */,
				D5ACFDD72BBBC9E40055C8D3 /* FirebaseAuthCombine-Community in Frameworks */,
				D5ACFDDF2BBBC9E40055C8D3 /* FirebaseDynamicLinks in Frameworks */,
				D5ACFDF32BBBC9E40055C8D3 /* FirebaseStorage in Frameworks */,
				D5ACFDE32BBBC9E40055C8D3 /* FirebaseFirestoreCombine-Community in Frameworks */,
				D5ACFDEF2BBBC9E40055C8D3 /* FirebaseRemoteConfig in Frameworks */,
			);
			runOnlyForDeploymentPostprocessing = 0;
		};
		D57033E52B9BDEA700C9D836 /* Frameworks */ = {
			isa = PBXFrameworksBuildPhase;
			buildActionMask = 2147483647;
			files = (
			);
			runOnlyForDeploymentPostprocessing = 0;
		};
		D57033EF2B9BDEA700C9D836 /* Frameworks */ = {
			isa = PBXFrameworksBuildPhase;
			buildActionMask = 2147483647;
			files = (
			);
			runOnlyForDeploymentPostprocessing = 0;
		};
/* End PBXFrameworksBuildPhase section */

/* Begin PBXGroup section */
		D57033CF2B9BDEA500C9D836 = {
			isa = PBXGroup;
			children = (
				D57033DA2B9BDEA500C9D836 /* TriviaWiki */,
				D57033EB2B9BDEA700C9D836 /* TriviaWikiTests */,
				D57033F52B9BDEA700C9D836 /* TriviaWikiUITests */,
				D57033D92B9BDEA500C9D836 /* Products */,
			);
			sourceTree = "<group>";
		};
		D57033D92B9BDEA500C9D836 /* Products */ = {
			isa = PBXGroup;
			children = (
				D57033D82B9BDEA500C9D836 /* TriviaWiki.app */,
				D57033E82B9BDEA700C9D836 /* TriviaWikiTests.xctest */,
				D57033F22B9BDEA700C9D836 /* TriviaWikiUITests.xctest */,
			);
			name = Products;
			sourceTree = "<group>";
		};
		D57033DA2B9BDEA500C9D836 /* TriviaWiki */ = {
			isa = PBXGroup;
			children = (
				D5ACFDC42BBBC7FD0055C8D3 /* GoogleService-Info.plist */,
				D5E3EBEF2C84E64600FBD029 /* currRatings.json */,
				D59BA1FC2C85586A00B010D0 /* seen.json */,
				D5E3EBED2C843DE800FBD029 /* dump0.json */,
				D59AC6A92BAA2F2900E3CD0E /* Views */,
				D59AC6A82BAA2ED200E3CD0E /* Model */,
				D5614CAA2B9D1BEE002D9EDE /* texgyretermes-regular.otf */,
				D5614CAC2B9D1C05002D9EDE /* Info.plist */,
				D57033DF2B9BDEA700C9D836 /* Assets.xcassets */,
				D57033E12B9BDEA700C9D836 /* Preview Content */,
			);
			path = TriviaWiki;
			sourceTree = "<group>";
		};
		D57033E12B9BDEA700C9D836 /* Preview Content */ = {
			isa = PBXGroup;
			children = (
				D57033E22B9BDEA700C9D836 /* Preview Assets.xcassets */,
			);
			path = "Preview Content";
			sourceTree = "<group>";
		};
		D57033EB2B9BDEA700C9D836 /* TriviaWikiTests */ = {
			isa = PBXGroup;
			children = (
				D57033EC2B9BDEA700C9D836 /* TriviaWikiTests.swift */,
			);
			path = TriviaWikiTests;
			sourceTree = "<group>";
		};
		D57033F52B9BDEA700C9D836 /* TriviaWikiUITests */ = {
			isa = PBXGroup;
			children = (
				D57033F62B9BDEA700C9D836 /* TriviaWikiUITests.swift */,
				D57033F82B9BDEA700C9D836 /* TriviaWikiUITestsLaunchTests.swift */,
			);
			path = TriviaWikiUITests;
			sourceTree = "<group>";
		};
		D59AC6A82BAA2ED200E3CD0E /* Model */ = {
			isa = PBXGroup;
			children = (
				D5BD8D5F2BBC9B9D00D83117 /* QueryHandler.swift */,
				D59920DF2C0903AB00572D12 /* DataManager.swift */,
				D5BD8D572BBC999E00D83117 /* QuestionModel.swift */,
				D59920DD2C08FEFB00572D12 /* JSONHandler.swift */,
				D5CA9ED52BC34B7D006EE2D3 /* qRec.swift */,
			);
			path = Model;
			sourceTree = "<group>";
		};
		D59AC6A92BAA2F2900E3CD0E /* Views */ = {
			isa = PBXGroup;
			children = (
				D5A7C9B82C059810000A2C52 /* WikipediaFrame.png */,
				D570340B2B9BF2DC00C9D836 /* AnswerOptionView.swift */,
				D59AB6CB2C94059600765F98 /* BrowsePage.swift */,
				D57033DD2B9BDEA500C9D836 /* ContentView.swift */,
				D5E044AD2BDEDC4000A49CE0 /* ReportMenu.swift */,
				D59920D72C070C0E00572D12 /* AreYouSureView.swift */,
				D57033DB2B9BDEA500C9D836 /* TriviaWikiApp.swift */,
				D5A7C9B42C0559B0000A2C52 /* QuestionBottomMenuView.swift */,
				D5BD8D592BBC999E00D83117 /* WebBrowser.swift */,
				D5A7C9B62C0593F1000A2C52 /* WikiArticleThumbnailView.swift */,
				D5A7C9BC2C070290000A2C52 /* InertQuestionView.swift */,
			);
			path = Views;
			sourceTree = "<group>";
		};
/* End PBXGroup section */

/* Begin PBXNativeTarget section */
		D57033D72B9BDEA500C9D836 /* TriviaWiki */ = {
			isa = PBXNativeTarget;
			buildConfigurationList = D57033FC2B9BDEA700C9D836 /* Build configuration list for PBXNativeTarget "TriviaWiki" */;
			buildPhases = (
				D57033D42B9BDEA500C9D836 /* Sources */,
				D57033D52B9BDEA500C9D836 /* Frameworks */,
				D57033D62B9BDEA500C9D836 /* Resources */,
			);
			buildRules = (
			);
			dependencies = (
			);
			name = TriviaWiki;
			packageProductDependencies = (
				D5ACFDC82BBBC9E40055C8D3 /* FirebaseAnalytics */,
				D5ACFDCA2BBBC9E40055C8D3 /* FirebaseAnalyticsOnDeviceConversion */,
				D5ACFDCC2BBBC9E40055C8D3 /* FirebaseAnalyticsSwift */,
				D5ACFDCE2BBBC9E40055C8D3 /* FirebaseAnalyticsWithoutAdIdSupport */,
				D5ACFDD02BBBC9E40055C8D3 /* FirebaseAppCheck */,
				D5ACFDD22BBBC9E40055C8D3 /* FirebaseAppDistribution-Beta */,
				D5ACFDD42BBBC9E40055C8D3 /* FirebaseAuth */,
				D5ACFDD62BBBC9E40055C8D3 /* FirebaseAuthCombine-Community */,
				D5ACFDD82BBBC9E40055C8D3 /* FirebaseCrashlytics */,
				D5ACFDDA2BBBC9E40055C8D3 /* FirebaseDatabase */,
				D5ACFDDC2BBBC9E40055C8D3 /* FirebaseDatabaseSwift */,
				D5ACFDDE2BBBC9E40055C8D3 /* FirebaseDynamicLinks */,
				D5ACFDE02BBBC9E40055C8D3 /* FirebaseFirestore */,
				D5ACFDE22BBBC9E40055C8D3 /* FirebaseFirestoreCombine-Community */,
				D5ACFDE42BBBC9E40055C8D3 /* FirebaseFirestoreSwift */,
				D5ACFDE62BBBC9E40055C8D3 /* FirebaseFunctions */,
				D5ACFDE82BBBC9E40055C8D3 /* FirebaseFunctionsCombine-Community */,
				D5ACFDEA2BBBC9E40055C8D3 /* FirebaseInAppMessaging-Beta */,
				D5ACFDEC2BBBC9E40055C8D3 /* FirebasePerformance */,
				D5ACFDEE2BBBC9E40055C8D3 /* FirebaseRemoteConfig */,
				D5ACFDF02BBBC9E40055C8D3 /* FirebaseRemoteConfigSwift */,
				D5ACFDF22BBBC9E40055C8D3 /* FirebaseStorage */,
				D5ACFDF42BBBC9E40055C8D3 /* FirebaseStorageCombine-Community */,
				D5E044AB2BDED2F800A49CE0 /* Popovers */,
			);
			productName = TriviaWiki;
			productReference = D57033D82B9BDEA500C9D836 /* TriviaWiki.app */;
			productType = "com.apple.product-type.application";
		};
		D57033E72B9BDEA700C9D836 /* TriviaWikiTests */ = {
			isa = PBXNativeTarget;
			buildConfigurationList = D57033FF2B9BDEA700C9D836 /* Build configuration list for PBXNativeTarget "TriviaWikiTests" */;
			buildPhases = (
				D57033E42B9BDEA700C9D836 /* Sources */,
				D57033E52B9BDEA700C9D836 /* Frameworks */,
				D57033E62B9BDEA700C9D836 /* Resources */,
			);
			buildRules = (
			);
			dependencies = (
				D57033EA2B9BDEA700C9D836 /* PBXTargetDependency */,
			);
			name = TriviaWikiTests;
			productName = TriviaWikiTests;
			productReference = D57033E82B9BDEA700C9D836 /* TriviaWikiTests.xctest */;
			productType = "com.apple.product-type.bundle.unit-test";
		};
		D57033F12B9BDEA700C9D836 /* TriviaWikiUITests */ = {
			isa = PBXNativeTarget;
			buildConfigurationList = D57034022B9BDEA700C9D836 /* Build configuration list for PBXNativeTarget "TriviaWikiUITests" */;
			buildPhases = (
				D57033EE2B9BDEA700C9D836 /* Sources */,
				D57033EF2B9BDEA700C9D836 /* Frameworks */,
				D57033F02B9BDEA700C9D836 /* Resources */,
			);
			buildRules = (
			);
			dependencies = (
				D57033F42B9BDEA700C9D836 /* PBXTargetDependency */,
			);
			name = TriviaWikiUITests;
			productName = TriviaWikiUITests;
			productReference = D57033F22B9BDEA700C9D836 /* TriviaWikiUITests.xctest */;
			productType = "com.apple.product-type.bundle.ui-testing";
		};
/* End PBXNativeTarget section */

/* Begin PBXProject section */
		D57033D02B9BDEA500C9D836 /* Project object */ = {
			isa = PBXProject;
			attributes = {
				BuildIndependentTargetsInParallel = 1;
				LastSwiftUpdateCheck = 1530;
				LastUpgradeCheck = 1530;
				TargetAttributes = {
					D57033D72B9BDEA500C9D836 = {
						CreatedOnToolsVersion = 15.3;
					};
					D57033E72B9BDEA700C9D836 = {
						CreatedOnToolsVersion = 15.3;
						TestTargetID = D57033D72B9BDEA500C9D836;
					};
					D57033F12B9BDEA700C9D836 = {
						CreatedOnToolsVersion = 15.3;
						TestTargetID = D57033D72B9BDEA500C9D836;
					};
				};
			};
			buildConfigurationList = D57033D32B9BDEA500C9D836 /* Build configuration list for PBXProject "TriviaWiki" */;
			compatibilityVersion = "Xcode 14.0";
			developmentRegion = en;
			hasScannedForEncodings = 0;
			knownRegions = (
				en,
				Base,
			);
			mainGroup = D57033CF2B9BDEA500C9D836;
			packageReferences = (
				D5ACFDC72BBBC9E40055C8D3 /* XCRemoteSwiftPackageReference "firebase-ios-sdk" */,
				D5E044AA2BDED2F800A49CE0 /* XCRemoteSwiftPackageReference "Popovers" */,
			);
			productRefGroup = D57033D92B9BDEA500C9D836 /* Products */;
			projectDirPath = "";
			projectRoot = "";
			targets = (
				D57033D72B9BDEA500C9D836 /* TriviaWiki */,
				D57033E72B9BDEA700C9D836 /* TriviaWikiTests */,
				D57033F12B9BDEA700C9D836 /* TriviaWikiUITests */,
			);
		};
/* End PBXProject section */

/* Begin PBXResourcesBuildPhase section */
		D57033D62B9BDEA500C9D836 /* Resources */ = {
			isa = PBXResourcesBuildPhase;
			buildActionMask = 2147483647;
			files = (
				D57033E32B9BDEA700C9D836 /* Preview Assets.xcassets in Resources */,
				D5ACFDC52BBBC7FD0055C8D3 /* GoogleService-Info.plist in Resources */,
				D5E3EBEE2C843DE800FBD029 /* dump0.json in Resources */,
				D57033E02B9BDEA700C9D836 /* Assets.xcassets in Resources */,
				D59BA1FD2C85586A00B010D0 /* seen.json in Resources */,
				D5E3EBF02C84E64600FBD029 /* currRatings.json in Resources */,
				D5614CAB2B9D1BEE002D9EDE /* texgyretermes-regular.otf in Resources */,
				D5A7C9B92C059810000A2C52 /* WikipediaFrame.png in Resources */,
			);
			runOnlyForDeploymentPostprocessing = 0;
		};
		D57033E62B9BDEA700C9D836 /* Resources */ = {
			isa = PBXResourcesBuildPhase;
			buildActionMask = 2147483647;
			files = (
			);
			runOnlyForDeploymentPostprocessing = 0;
		};
		D57033F02B9BDEA700C9D836 /* Resources */ = {
			isa = PBXResourcesBuildPhase;
			buildActionMask = 2147483647;
			files = (
			);
			runOnlyForDeploymentPostprocessing = 0;
		};
/* End PBXResourcesBuildPhase section */

/* Begin PBXSourcesBuildPhase section */
		D57033D42B9BDEA500C9D836 /* Sources */ = {
			isa = PBXSourcesBuildPhase;
			buildActionMask = 2147483647;
			files = (
				D5BD8D5A2BBC999E00D83117 /* QuestionModel.swift in Sources */,
				D5BD8D5C2BBC999E00D83117 /* WebBrowser.swift in Sources */,
				D5BD8D602BBC9B9D00D83117 /* QueryHandler.swift in Sources */,
				D57033DE2B9BDEA500C9D836 /* ContentView.swift in Sources */,
				D59920DE2C08FEFB00572D12 /* JSONHandler.swift in Sources */,
				D5A7C9B52C0559B0000A2C52 /* QuestionBottomMenuView.swift in Sources */,
				D5A7C9B72C0593F2000A2C52 /* WikiArticleThumbnailView.swift in Sources */,
				D57033DC2B9BDEA500C9D836 /* TriviaWikiApp.swift in Sources */,
				D59920E02C0903AB00572D12 /* DataManager.swift in Sources */,
				D5A7C9BD2C070290000A2C52 /* InertQuestionView.swift in Sources */,
				D5CA9ED62BC34B7D006EE2D3 /* qRec.swift in Sources */,
				D59AB6CC2C94059600765F98 /* BrowsePage.swift in Sources */,
				D5E044AE2BDEDC4000A49CE0 /* ReportMenu.swift in Sources */,
				D570340C2B9BF2DC00C9D836 /* AnswerOptionView.swift in Sources */,
				D59920D82C070C0E00572D12 /* AreYouSureView.swift in Sources */,
			);
			runOnlyForDeploymentPostprocessing = 0;
		};
		D57033E42B9BDEA700C9D836 /* Sources */ = {
			isa = PBXSourcesBuildPhase;
			buildActionMask = 2147483647;
			files = (
				D57033ED2B9BDEA700C9D836 /* TriviaWikiTests.swift in Sources */,
			);
			runOnlyForDeploymentPostprocessing = 0;
		};
		D57033EE2B9BDEA700C9D836 /* Sources */ = {
			isa = PBXSourcesBuildPhase;
			buildActionMask = 2147483647;
			files = (
				D57033F72B9BDEA700C9D836 /* TriviaWikiUITests.swift in Sources */,
				D57033F92B9BDEA700C9D836 /* TriviaWikiUITestsLaunchTests.swift in Sources */,
			);
			runOnlyForDeploymentPostprocessing = 0;
		};
/* End PBXSourcesBuildPhase section */

/* Begin PBXTargetDependency section */
		D57033EA2B9BDEA700C9D836 /* PBXTargetDependency */ = {
			isa = PBXTargetDependency;
			target = D57033D72B9BDEA500C9D836 /* TriviaWiki */;
			targetProxy = D57033E92B9BDEA700C9D836 /* PBXContainerItemProxy */;
		};
		D57033F42B9BDEA700C9D836 /* PBXTargetDependency */ = {
			isa = PBXTargetDependency;
			target = D57033D72B9BDEA500C9D836 /* TriviaWiki */;
			targetProxy = D57033F32B9BDEA700C9D836 /* PBXContainerItemProxy */;
		};
/* End PBXTargetDependency section */

/* Begin XCBuildConfiguration section */
		D57033FA2B9BDEA700C9D836 /* Debug */ = {
			isa = XCBuildConfiguration;
			buildSettings = {
				ALWAYS_SEARCH_USER_PATHS = NO;
				ASSETCATALOG_COMPILER_GENERATE_SWIFT_ASSET_SYMBOL_EXTENSIONS = YES;
				CLANG_ANALYZER_NONNULL = YES;
				CLANG_ANALYZER_NUMBER_OBJECT_CONVERSION = YES_AGGRESSIVE;
				CLANG_CXX_LANGUAGE_STANDARD = "gnu++20";
				CLANG_ENABLE_MODULES = YES;
				CLANG_ENABLE_OBJC_ARC = YES;
				CLANG_ENABLE_OBJC_WEAK = YES;
				CLANG_WARN_BLOCK_CAPTURE_AUTORELEASING = YES;
				CLANG_WARN_BOOL_CONVERSION = YES;
				CLANG_WARN_COMMA = YES;
				CLANG_WARN_CONSTANT_CONVERSION = YES;
				CLANG_WARN_DEPRECATED_OBJC_IMPLEMENTATIONS = YES;
				CLANG_WARN_DIRECT_OBJC_ISA_USAGE = YES_ERROR;
				CLANG_WARN_DOCUMENTATION_COMMENTS = YES;
				CLANG_WARN_EMPTY_BODY = YES;
				CLANG_WARN_ENUM_CONVERSION = YES;
				CLANG_WARN_INFINITE_RECURSION = YES;
				CLANG_WARN_INT_CONVERSION = YES;
				CLANG_WARN_NON_LITERAL_NULL_CONVERSION = YES;
				CLANG_WARN_OBJC_IMPLICIT_RETAIN_SELF = YES;
				CLANG_WARN_OBJC_LITERAL_CONVERSION = YES;
				CLANG_WARN_OBJC_ROOT_CLASS = YES_ERROR;
				CLANG_WARN_QUOTED_INCLUDE_IN_FRAMEWORK_HEADER = YES;
				CLANG_WARN_RANGE_LOOP_ANALYSIS = YES;
				CLANG_WARN_STRICT_PROTOTYPES = YES;
				CLANG_WARN_SUSPICIOUS_MOVE = YES;
				CLANG_WARN_UNGUARDED_AVAILABILITY = YES_AGGRESSIVE;
				CLANG_WARN_UNREACHABLE_CODE = YES;
				CLANG_WARN__DUPLICATE_METHOD_MATCH = YES;
				COPY_PHASE_STRIP = NO;
				DEBUG_INFORMATION_FORMAT = dwarf;
				ENABLE_STRICT_OBJC_MSGSEND = YES;
				ENABLE_TESTABILITY = YES;
				ENABLE_USER_SCRIPT_SANDBOXING = YES;
				GCC_C_LANGUAGE_STANDARD = gnu17;
				GCC_DYNAMIC_NO_PIC = NO;
				GCC_NO_COMMON_BLOCKS = YES;
				GCC_OPTIMIZATION_LEVEL = 0;
				GCC_PREPROCESSOR_DEFINITIONS = (
					"DEBUG=1",
					"$(inherited)",
				);
				GCC_WARN_64_TO_32_BIT_CONVERSION = YES;
				GCC_WARN_ABOUT_RETURN_TYPE = YES_ERROR;
				GCC_WARN_UNDECLARED_SELECTOR = YES;
				GCC_WARN_UNINITIALIZED_AUTOS = YES_AGGRESSIVE;
				GCC_WARN_UNUSED_FUNCTION = YES;
				GCC_WARN_UNUSED_VARIABLE = YES;
				IPHONEOS_DEPLOYMENT_TARGET = 17.4;
				LOCALIZATION_PREFERS_STRING_CATALOGS = YES;
				MTL_ENABLE_DEBUG_INFO = INCLUDE_SOURCE;
				MTL_FAST_MATH = YES;
				ONLY_ACTIVE_ARCH = YES;
				SDKROOT = iphoneos;
				SWIFT_ACTIVE_COMPILATION_CONDITIONS = "DEBUG $(inherited)";
				SWIFT_OPTIMIZATION_LEVEL = "-Onone";
			};
			name = Debug;
		};
		D57033FB2B9BDEA700C9D836 /* Release */ = {
			isa = XCBuildConfiguration;
			buildSettings = {
				ALWAYS_SEARCH_USER_PATHS = NO;
				ASSETCATALOG_COMPILER_GENERATE_SWIFT_ASSET_SYMBOL_EXTENSIONS = YES;
				CLANG_ANALYZER_NONNULL = YES;
				CLANG_ANALYZER_NUMBER_OBJECT_CONVERSION = YES_AGGRESSIVE;
				CLANG_CXX_LANGUAGE_STANDARD = "gnu++20";
				CLANG_ENABLE_MODULES = YES;
				CLANG_ENABLE_OBJC_ARC = YES;
				CLANG_ENABLE_OBJC_WEAK = YES;
				CLANG_WARN_BLOCK_CAPTURE_AUTORELEASING = YES;
				CLANG_WARN_BOOL_CONVERSION = YES;
				CLANG_WARN_COMMA = YES;
				CLANG_WARN_CONSTANT_CONVERSION = YES;
				CLANG_WARN_DEPRECATED_OBJC_IMPLEMENTATIONS = YES;
				CLANG_WARN_DIRECT_OBJC_ISA_USAGE = YES_ERROR;
				CLANG_WARN_DOCUMENTATION_COMMENTS = YES;
				CLANG_WARN_EMPTY_BODY = YES;
				CLANG_WARN_ENUM_CONVERSION = YES;
				CLANG_WARN_INFINITE_RECURSION = YES;
				CLANG_WARN_INT_CONVERSION = YES;
				CLANG_WARN_NON_LITERAL_NULL_CONVERSION = YES;
				CLANG_WARN_OBJC_IMPLICIT_RETAIN_SELF = YES;
				CLANG_WARN_OBJC_LITERAL_CONVERSION = YES;
				CLANG_WARN_OBJC_ROOT_CLASS = YES_ERROR;
				CLANG_WARN_QUOTED_INCLUDE_IN_FRAMEWORK_HEADER = YES;
				CLANG_WARN_RANGE_LOOP_ANALYSIS = YES;
				CLANG_WARN_STRICT_PROTOTYPES = YES;
				CLANG_WARN_SUSPICIOUS_MOVE = YES;
				CLANG_WARN_UNGUARDED_AVAILABILITY = YES_AGGRESSIVE;
				CLANG_WARN_UNREACHABLE_CODE = YES;
				CLANG_WARN__DUPLICATE_METHOD_MATCH = YES;
				COPY_PHASE_STRIP = NO;
				DEBUG_INFORMATION_FORMAT = "dwarf-with-dsym";
				ENABLE_NS_ASSERTIONS = NO;
				ENABLE_STRICT_OBJC_MSGSEND = YES;
				ENABLE_USER_SCRIPT_SANDBOXING = YES;
				GCC_C_LANGUAGE_STANDARD = gnu17;
				GCC_NO_COMMON_BLOCKS = YES;
				GCC_WARN_64_TO_32_BIT_CONVERSION = YES;
				GCC_WARN_ABOUT_RETURN_TYPE = YES_ERROR;
				GCC_WARN_UNDECLARED_SELECTOR = YES;
				GCC_WARN_UNINITIALIZED_AUTOS = YES_AGGRESSIVE;
				GCC_WARN_UNUSED_FUNCTION = YES;
				GCC_WARN_UNUSED_VARIABLE = YES;
				IPHONEOS_DEPLOYMENT_TARGET = 17.4;
				LOCALIZATION_PREFERS_STRING_CATALOGS = YES;
				MTL_ENABLE_DEBUG_INFO = NO;
				MTL_FAST_MATH = YES;
				SDKROOT = iphoneos;
				SWIFT_COMPILATION_MODE = wholemodule;
				VALIDATE_PRODUCT = YES;
			};
			name = Release;
		};
		D57033FD2B9BDEA700C9D836 /* Debug */ = {
			isa = XCBuildConfiguration;
			buildSettings = {
				ASSETCATALOG_COMPILER_APPICON_NAME = AppIcon;
				ASSETCATALOG_COMPILER_GLOBAL_ACCENT_COLOR_NAME = AccentColor;
				ASSETCATALOG_COMPILER_INCLUDE_ALL_APPICON_ASSETS = NO;
				CODE_SIGN_STYLE = Automatic;
				CURRENT_PROJECT_VERSION = 1;
				DEVELOPMENT_ASSET_PATHS = "\"TriviaWiki/Preview Content\"";
				DEVELOPMENT_TEAM = 8PY7D8XKH8;
				ENABLE_PREVIEWS = YES;
				GENERATE_INFOPLIST_FILE = YES;
				INFOPLIST_FILE = TriviaWiki/Info.plist;
				INFOPLIST_KEY_CFBundleDisplayName = WikiQuiz;
				INFOPLIST_KEY_UIApplicationSceneManifest_Generation = YES;
				INFOPLIST_KEY_UIApplicationSupportsIndirectInputEvents = YES;
				INFOPLIST_KEY_UILaunchScreen_Generation = YES;
				INFOPLIST_KEY_UISupportedInterfaceOrientations_iPad = "UIInterfaceOrientationPortrait UIInterfaceOrientationPortraitUpsideDown UIInterfaceOrientationLandscapeLeft UIInterfaceOrientationLandscapeRight";
				INFOPLIST_KEY_UISupportedInterfaceOrientations_iPhone = "UIInterfaceOrientationPortrait UIInterfaceOrientationLandscapeLeft UIInterfaceOrientationLandscapeRight";
				IPHONEOS_DEPLOYMENT_TARGET = 16.0;
				LD_RUNPATH_SEARCH_PATHS = (
					"$(inherited)",
					"@executable_path/Frameworks",
				);
				MARKETING_VERSION = 1.0;
				PRODUCT_BUNDLE_IDENTIFIER = IdkYet.TriviaWiki;
				PRODUCT_NAME = "$(TARGET_NAME)";
				SWIFT_EMIT_LOC_STRINGS = YES;
				SWIFT_VERSION = 5.0;
				TARGETED_DEVICE_FAMILY = "1,2";
			};
			name = Debug;
		};
		D57033FE2B9BDEA700C9D836 /* Release */ = {
			isa = XCBuildConfiguration;
			buildSettings = {
				ASSETCATALOG_COMPILER_APPICON_NAME = AppIcon;
				ASSETCATALOG_COMPILER_GLOBAL_ACCENT_COLOR_NAME = AccentColor;
				ASSETCATALOG_COMPILER_INCLUDE_ALL_APPICON_ASSETS = NO;
				CODE_SIGN_STYLE = Automatic;
				CURRENT_PROJECT_VERSION = 1;
				DEVELOPMENT_ASSET_PATHS = "\"TriviaWiki/Preview Content\"";
				DEVELOPMENT_TEAM = 8PY7D8XKH8;
				ENABLE_PREVIEWS = YES;
				GENERATE_INFOPLIST_FILE = YES;
				INFOPLIST_FILE = TriviaWiki/Info.plist;
				INFOPLIST_KEY_CFBundleDisplayName = WikiQuiz;
				INFOPLIST_KEY_UIApplicationSceneManifest_Generation = YES;
				INFOPLIST_KEY_UIApplicationSupportsIndirectInputEvents = YES;
				INFOPLIST_KEY_UILaunchScreen_Generation = YES;
				INFOPLIST_KEY_UISupportedInterfaceOrientations_iPad = "UIInterfaceOrientationPortrait UIInterfaceOrientationPortraitUpsideDown UIInterfaceOrientationLandscapeLeft UIInterfaceOrientationLandscapeRight";
				INFOPLIST_KEY_UISupportedInterfaceOrientations_iPhone = "UIInterfaceOrientationPortrait UIInterfaceOrientationLandscapeLeft UIInterfaceOrientationLandscapeRight";
				IPHONEOS_DEPLOYMENT_TARGET = 16.0;
				LD_RUNPATH_SEARCH_PATHS = (
					"$(inherited)",
					"@executable_path/Frameworks",
				);
				MARKETING_VERSION = 1.0;
				PRODUCT_BUNDLE_IDENTIFIER = IdkYet.TriviaWiki;
				PRODUCT_NAME = "$(TARGET_NAME)";
				SWIFT_EMIT_LOC_STRINGS = YES;
				SWIFT_VERSION = 5.0;
				TARGETED_DEVICE_FAMILY = "1,2";
			};
			name = Release;
		};
		D57034002B9BDEA700C9D836 /* Debug */ = {
			isa = XCBuildConfiguration;
			buildSettings = {
				ALWAYS_EMBED_SWIFT_STANDARD_LIBRARIES = YES;
				BUNDLE_LOADER = "$(TEST_HOST)";
				CODE_SIGN_STYLE = Automatic;
				CURRENT_PROJECT_VERSION = 1;
				GENERATE_INFOPLIST_FILE = YES;
				IPHONEOS_DEPLOYMENT_TARGET = 17.4;
				MARKETING_VERSION = 1.0;
				PRODUCT_BUNDLE_IDENTIFIER = IdkYet.TriviaWikiTests;
				PRODUCT_NAME = "$(TARGET_NAME)";
				SWIFT_EMIT_LOC_STRINGS = NO;
				SWIFT_VERSION = 5.0;
				TARGETED_DEVICE_FAMILY = "1,2";
				TEST_HOST = "$(BUILT_PRODUCTS_DIR)/TriviaWiki.app/$(BUNDLE_EXECUTABLE_FOLDER_PATH)/TriviaWiki";
			};
			name = Debug;
		};
		D57034012B9BDEA700C9D836 /* Release */ = {
			isa = XCBuildConfiguration;
			buildSettings = {
				ALWAYS_EMBED_SWIFT_STANDARD_LIBRARIES = YES;
				BUNDLE_LOADER = "$(TEST_HOST)";
				CODE_SIGN_STYLE = Automatic;
				CURRENT_PROJECT_VERSION = 1;
				GENERATE_INFOPLIST_FILE = YES;
				IPHONEOS_DEPLOYMENT_TARGET = 17.4;
				MARKETING_VERSION = 1.0;
				PRODUCT_BUNDLE_IDENTIFIER = IdkYet.TriviaWikiTests;
				PRODUCT_NAME = "$(TARGET_NAME)";
				SWIFT_EMIT_LOC_STRINGS = NO;
				SWIFT_VERSION = 5.0;
				TARGETED_DEVICE_FAMILY = "1,2";
				TEST_HOST = "$(BUILT_PRODUCTS_DIR)/TriviaWiki.app/$(BUNDLE_EXECUTABLE_FOLDER_PATH)/TriviaWiki";
			};
			name = Release;
		};
		D57034032B9BDEA700C9D836 /* Debug */ = {
			isa = XCBuildConfiguration;
			buildSettings = {
				ALWAYS_EMBED_SWIFT_STANDARD_LIBRARIES = YES;
				CODE_SIGN_STYLE = Automatic;
				CURRENT_PROJECT_VERSION = 1;
				GENERATE_INFOPLIST_FILE = YES;
				MARKETING_VERSION = 1.0;
				PRODUCT_BUNDLE_IDENTIFIER = IdkYet.TriviaWikiUITests;
				PRODUCT_NAME = "$(TARGET_NAME)";
				SWIFT_EMIT_LOC_STRINGS = NO;
				SWIFT_VERSION = 5.0;
				TARGETED_DEVICE_FAMILY = "1,2";
				TEST_TARGET_NAME = TriviaWiki;
			};
			name = Debug;
		};
		D57034042B9BDEA700C9D836 /* Release */ = {
			isa = XCBuildConfiguration;
			buildSettings = {
				ALWAYS_EMBED_SWIFT_STANDARD_LIBRARIES = YES;
				CODE_SIGN_STYLE = Automatic;
				CURRENT_PROJECT_VERSION = 1;
				GENERATE_INFOPLIST_FILE = YES;
				MARKETING_VERSION = 1.0;
				PRODUCT_BUNDLE_IDENTIFIER = IdkYet.TriviaWikiUITests;
				PRODUCT_NAME = "$(TARGET_NAME)";
				SWIFT_EMIT_LOC_STRINGS = NO;
				SWIFT_VERSION = 5.0;
				TARGETED_DEVICE_FAMILY = "1,2";
				TEST_TARGET_NAME = TriviaWiki;
			};
			name = Release;
		};
/* End XCBuildConfiguration section */

/* Begin XCConfigurationList section */
		D57033D32B9BDEA500C9D836 /* Build configuration list for PBXProject "TriviaWiki" */ = {
			isa = XCConfigurationList;
			buildConfigurations = (
				D57033FA2B9BDEA700C9D836 /* Debug */,
				D57033FB2B9BDEA700C9D836 /* Release */,
			);
			defaultConfigurationIsVisible = 0;
			defaultConfigurationName = Release;
		};
		D57033FC2B9BDEA700C9D836 /* Build configuration list for PBXNativeTarget "TriviaWiki" */ = {
			isa = XCConfigurationList;
			buildConfigurations = (
				D57033FD2B9BDEA700C9D836 /* Debug */,
				D57033FE2B9BDEA700C9D836 /* Release */,
			);
			defaultConfigurationIsVisible = 0;
			defaultConfigurationName = Release;
		};
		D57033FF2B9BDEA700C9D836 /* Build configuration list for PBXNativeTarget "TriviaWikiTests" */ = {
			isa = XCConfigurationList;
			buildConfigurations = (
				D57034002B9BDEA700C9D836 /* Debug */,
				D57034012B9BDEA700C9D836 /* Release */,
			);
			defaultConfigurationIsVisible = 0;
			defaultConfigurationName = Release;
		};
		D57034022B9BDEA700C9D836 /* Build configuration list for PBXNativeTarget "TriviaWikiUITests" */ = {
			isa = XCConfigurationList;
			buildConfigurations = (
				D57034032B9BDEA700C9D836 /* Debug */,
				D57034042B9BDEA700C9D836 /* Release */,
			);
			defaultConfigurationIsVisible = 0;
			defaultConfigurationName = Release;
		};
/* End XCConfigurationList section */

/* Begin XCRemoteSwiftPackageReference section */
		D5ACFDC72BBBC9E40055C8D3 /* XCRemoteSwiftPackageReference "firebase-ios-sdk" */ = {
			isa = XCRemoteSwiftPackageReference;
			repositoryURL = "https://github.com/firebase/firebase-ios-sdk";
			requirement = {
				kind = upToNextMajorVersion;
				minimumVersion = 10.23.1;
			};
		};
		D5E044AA2BDED2F800A49CE0 /* XCRemoteSwiftPackageReference "Popovers" */ = {
			isa = XCRemoteSwiftPackageReference;
			repositoryURL = "https://github.com/aheze/Popovers";
			requirement = {
				kind = upToNextMajorVersion;
				minimumVersion = 1.3.2;
			};
		};
/* End XCRemoteSwiftPackageReference section */

/* Begin XCSwiftPackageProductDependency section */
		D5ACFDC82BBBC9E40055C8D3 /* FirebaseAnalytics */ = {
			isa = XCSwiftPackageProductDependency;
			package = D5ACFDC72BBBC9E40055C8D3 /* XCRemoteSwiftPackageReference "firebase-ios-sdk" */;
			productName = FirebaseAnalytics;
		};
		D5ACFDCA2BBBC9E40055C8D3 /* FirebaseAnalyticsOnDeviceConversion */ = {
			isa = XCSwiftPackageProductDependency;
			package = D5ACFDC72BBBC9E40055C8D3 /* XCRemoteSwiftPackageReference "firebase-ios-sdk" */;
			productName = FirebaseAnalyticsOnDeviceConversion;
		};
		D5ACFDCC2BBBC9E40055C8D3 /* FirebaseAnalyticsSwift */ = {
			isa = XCSwiftPackageProductDependency;
			package = D5ACFDC72BBBC9E40055C8D3 /* XCRemoteSwiftPackageReference "firebase-ios-sdk" */;
			productName = FirebaseAnalyticsSwift;
		};
		D5ACFDCE2BBBC9E40055C8D3 /* FirebaseAnalyticsWithoutAdIdSupport */ = {
			isa = XCSwiftPackageProductDependency;
			package = D5ACFDC72BBBC9E40055C8D3 /* XCRemoteSwiftPackageReference "firebase-ios-sdk" */;
			productName = FirebaseAnalyticsWithoutAdIdSupport;
		};
		D5ACFDD02BBBC9E40055C8D3 /* FirebaseAppCheck */ = {
			isa = XCSwiftPackageProductDependency;
			package = D5ACFDC72BBBC9E40055C8D3 /* XCRemoteSwiftPackageReference "firebase-ios-sdk" */;
			productName = FirebaseAppCheck;
		};
		D5ACFDD22BBBC9E40055C8D3 /* FirebaseAppDistribution-Beta */ = {
			isa = XCSwiftPackageProductDependency;
			package = D5ACFDC72BBBC9E40055C8D3 /* XCRemoteSwiftPackageReference "firebase-ios-sdk" */;
			productName = "FirebaseAppDistribution-Beta";
		};
		D5ACFDD42BBBC9E40055C8D3 /* FirebaseAuth */ = {
			isa = XCSwiftPackageProductDependency;
			package = D5ACFDC72BBBC9E40055C8D3 /* XCRemoteSwiftPackageReference "firebase-ios-sdk" */;
			productName = FirebaseAuth;
		};
		D5ACFDD62BBBC9E40055C8D3 /* FirebaseAuthCombine-Community */ = {
			isa = XCSwiftPackageProductDependency;
			package = D5ACFDC72BBBC9E40055C8D3 /* XCRemoteSwiftPackageReference "firebase-ios-sdk" */;
			productName = "FirebaseAuthCombine-Community";
		};
		D5ACFDD82BBBC9E40055C8D3 /* FirebaseCrashlytics */ = {
			isa = XCSwiftPackageProductDependency;
			package = D5ACFDC72BBBC9E40055C8D3 /* XCRemoteSwiftPackageReference "firebase-ios-sdk" */;
			productName = FirebaseCrashlytics;
		};
		D5ACFDDA2BBBC9E40055C8D3 /* FirebaseDatabase */ = {
			isa = XCSwiftPackageProductDependency;
			package = D5ACFDC72BBBC9E40055C8D3 /* XCRemoteSwiftPackageReference "firebase-ios-sdk" */;
			productName = FirebaseDatabase;
		};
		D5ACFDDC2BBBC9E40055C8D3 /* FirebaseDatabaseSwift */ = {
			isa = XCSwiftPackageProductDependency;
			package = D5ACFDC72BBBC9E40055C8D3 /* XCRemoteSwiftPackageReference "firebase-ios-sdk" */;
			productName = FirebaseDatabaseSwift;
		};
		D5ACFDDE2BBBC9E40055C8D3 /* FirebaseDynamicLinks */ = {
			isa = XCSwiftPackageProductDependency;
			package = D5ACFDC72BBBC9E40055C8D3 /* XCRemoteSwiftPackageReference "firebase-ios-sdk" */;
			productName = FirebaseDynamicLinks;
		};
		D5ACFDE02BBBC9E40055C8D3 /* FirebaseFirestore */ = {
			isa = XCSwiftPackageProductDependency;
			package = D5ACFDC72BBBC9E40055C8D3 /* XCRemoteSwiftPackageReference "firebase-ios-sdk" */;
			productName = FirebaseFirestore;
		};
		D5ACFDE22BBBC9E40055C8D3 /* FirebaseFirestoreCombine-Community */ = {
			isa = XCSwiftPackageProductDependency;
			package = D5ACFDC72BBBC9E40055C8D3 /* XCRemoteSwiftPackageReference "firebase-ios-sdk" */;
			productName = "FirebaseFirestoreCombine-Community";
		};
		D5ACFDE42BBBC9E40055C8D3 /* FirebaseFirestoreSwift */ = {
			isa = XCSwiftPackageProductDependency;
			package = D5ACFDC72BBBC9E40055C8D3 /* XCRemoteSwiftPackageReference "firebase-ios-sdk" */;
			productName = FirebaseFirestoreSwift;
		};
		D5ACFDE62BBBC9E40055C8D3 /* FirebaseFunctions */ = {
			isa = XCSwiftPackageProductDependency;
			package = D5ACFDC72BBBC9E40055C8D3 /* XCRemoteSwiftPackageReference "firebase-ios-sdk" */;
			productName = FirebaseFunctions;
		};
		D5ACFDE82BBBC9E40055C8D3 /* FirebaseFunctionsCombine-Community */ = {
			isa = XCSwiftPackageProductDependency;
			package = D5ACFDC72BBBC9E40055C8D3 /* XCRemoteSwiftPackageReference "firebase-ios-sdk" */;
			productName = "FirebaseFunctionsCombine-Community";
		};
		D5ACFDEA2BBBC9E40055C8D3 /* FirebaseInAppMessaging-Beta */ = {
			isa = XCSwiftPackageProductDependency;
			package = D5ACFDC72BBBC9E40055C8D3 /* XCRemoteSwiftPackageReference "firebase-ios-sdk" */;
			productName = "FirebaseInAppMessaging-Beta";
		};
		D5ACFDEC2BBBC9E40055C8D3 /* FirebasePerformance */ = {
			isa = XCSwiftPackageProductDependency;
			package = D5ACFDC72BBBC9E40055C8D3 /* XCRemoteSwiftPackageReference "firebase-ios-sdk" */;
			productName = FirebasePerformance;
		};
		D5ACFDEE2BBBC9E40055C8D3 /* FirebaseRemoteConfig */ = {
			isa = XCSwiftPackageProductDependency;
			package = D5ACFDC72BBBC9E40055C8D3 /* XCRemoteSwiftPackageReference "firebase-ios-sdk" */;
			productName = FirebaseRemoteConfig;
		};
		D5ACFDF02BBBC9E40055C8D3 /* FirebaseRemoteConfigSwift */ = {
			isa = XCSwiftPackageProductDependency;
			package = D5ACFDC72BBBC9E40055C8D3 /* XCRemoteSwiftPackageReference "firebase-ios-sdk" */;
			productName = FirebaseRemoteConfigSwift;
		};
		D5ACFDF22BBBC9E40055C8D3 /* FirebaseStorage */ = {
			isa = XCSwiftPackageProductDependency;
			package = D5ACFDC72BBBC9E40055C8D3 /* XCRemoteSwiftPackageReference "firebase-ios-sdk" */;
			productName = FirebaseStorage;
		};
		D5ACFDF42BBBC9E40055C8D3 /* FirebaseStorageCombine-Community */ = {
			isa = XCSwiftPackageProductDependency;
			package = D5ACFDC72BBBC9E40055C8D3 /* XCRemoteSwiftPackageReference "firebase-ios-sdk" */;
			productName = "FirebaseStorageCombine-Community";
		};
		D5E044AB2BDED2F800A49CE0 /* Popovers */ = {
			isa = XCSwiftPackageProductDependency;
			package = D5E044AA2BDED2F800A49CE0 /* XCRemoteSwiftPackageReference "Popovers" */;
			productName = Popovers;
		};
/* End XCSwiftPackageProductDependency section */
	};
	rootObject = D57033D02B9BDEA500C9D836 /* Project object */;
}
